
Microsoft Visual Studio Solution File, Format Version 12.00
# Visual Studio Version 16
VisualStudioVersion = 16.0.32002.261
MinimumVisualStudioVersion = 10.0.40219.1
Project("{F184B08F-C81C-45F6-A57F-5ABD9991F28F}") = "FlipkartSilver", "FlipkartSilver\FlipkartSilver.vbproj", "{26477EDF-4DAD-409D-8072-DA7F44B9872B}"
EndProject
Global
	GlobalSection(SolutionConfigurationPlatforms) = preSolution
		Debug|Any CPU = Debug|Any CPU
		Release|Any CPU = Release|Any CPU
	EndGlobalSection
	GlobalSection(ProjectConfigurationPlatforms) = postSolution
		{26477EDF-4DAD-409D-8072-DA7F44B9872B}.Debug|Any CPU.ActiveCfg = Debug|Any CPU
		{26477EDF-4DAD-409D-8072-DA7F44B9872B}.Debug|Any CPU.Build.0 = Debug|Any CPU
		{26477EDF-4DAD-409D-8072-DA7F44B9872B}.Release|Any CPU.ActiveCfg = Release|Any CPU
		{26477EDF-4DAD-409D-8072-DA7F44B9872B}.Release|Any CPU.Build.0 = Release|Any CPU
	EndGlobalSection
	GlobalSection(SolutionProperties) = preSolution
		HideSolutionNode = FALSE
	EndGlobalSection
	GlobalSection(ExtensibilityGlobals) = postSolution
		SolutionGuid = {1F00FECA-EE5D-457A-BF55-1A3EEB0F83BD}
	EndGlobalSection
EndGlobal
